{
    "_meta": {
        "hash": {
            "sha256": "0c66906e12dda8dd5fc57245f13ec8799c7dd7459144f13939e8aa8529624c89"
        },
        "pipfile-spec": 6,
        "requires": {
            "python_version": "3.9"
        },
        "sources": [
            {
                "name": "pypi",
                "url": "https://pypi.org/simple",
                "verify_ssl": true
            }
        ]
    },
    "default": {},
    "develop": {
        "flake8": {
            "hashes": [
                "sha256:479b1304f72536a55948cb40a32dce8bb0ffe3501e26eaf292c7e60eb5e0428d",
                "sha256:806e034dda44114815e23c16ef92f95c91e4c71100ff52813adf7132a6ad870d"
            ],
            "index": "pypi",
            "version": "==4.0.1"
        },
        "jedi": {
            "hashes": [
                "sha256:86ed7d9b750603e4ba582ea8edc678657fb4007894a12bcf6f4bb97892f31d20",
                "sha256:98cc583fa0f2f8304968199b01b6b4b94f469a1f4a74c1560506ca2a211378b5"
            ],
            "markers": "python_version >= '2.7' and python_version not in '3.0, 3.1, 3.2, 3.3, 3.4'",
            "version": "==0.17.2"
        },
        "mccabe": {
            "hashes": [
                "sha256:ab8a6258860da4b6677da4bd2fe5dc2c659cff31b3ee4f7f5d64e79735b80d42",
                "sha256:dd8d182285a0fe56bace7f45b5e7d1a6ebcbf524e8f3bd87eb0f125271b8831f"
            ],
            "version": "==0.6.1"
        },
        "parso": {
            "hashes": [
                "sha256:97218d9159b2520ff45eb78028ba8b50d2bc61dcc062a9682666f2dc4bd331ea",
                "sha256:caba44724b994a8a5e086460bb212abc5a8bc46951bf4a9a1210745953622eb9"
            ],
            "markers": "python_version >= '2.7' and python_version not in '3.0, 3.1, 3.2, 3.3'",
            "version": "==0.7.1"
        },
        "pluggy": {
            "hashes": [
                "sha256:4224373bacce55f955a878bf9cfa763c1e360858e330072059e10bad68531159",
                "sha256:74134bbf457f031a36d68416e1509f34bd5ccc019f0bcc952c7b909d06b37bd3"
            ],
            "markers": "python_version >= '3.6'",
            "version": "==1.0.0"
        },
        "pycodestyle": {
            "hashes": [
                "sha256:720f8b39dde8b293825e7ff02c475f3077124006db4f440dcbc9a20b76548a20",
                "sha256:eddd5847ef438ea1c7870ca7eb78a9d47ce0cdb4851a5523949f2601d0cbbe7f"
            ],
            "markers": "python_version >= '2.7' and python_version not in '3.0, 3.1, 3.2, 3.3, 3.4'",
            "version": "==2.8.0"
        },
        "pyflakes": {
            "hashes": [
                "sha256:05a85c2872edf37a4ed30b0cce2f6093e1d0581f8c19d7393122da7e25b2b24c",
                "sha256:3bb3a3f256f4b7968c9c788781e4ff07dce46bdf12339dcda61053375426ee2e"
            ],
            "markers": "python_version >= '2.7' and python_version not in '3.0, 3.1, 3.2, 3.3'",
            "version": "==2.4.0"
        },
        "python-jsonrpc-server": {
            "hashes": [
                "sha256:62c543e541f101ec5b57dc654efc212d2c2e3ea47ff6f54b2e7dcb36ecf20595",
                "sha256:e5a908ff182e620aac07db5f57887eeb0afe33993008f57dc1b85b594cea250c"
            ],
            "version": "==0.4.0"
        },
        "python-language-server": {
            "hashes": [
                "sha256:9984c84a67ee2c5102c8e703215f407fcfa5e62b0ae86c9572d0ada8c4b417b0",
                "sha256:a0ad0aca03f4a20c1c40f4f230c6773eac82c9b7cdb026cb09ba10237f4815d5"
            ],
            "index": "pypi",
            "version": "==0.36.2"
        },
        "ujson": {
            "hashes": [
                "sha256:0076de81aadc287f025525969bbc1272703be92933e988e5663a76ec5863628f",
                "sha256:02f5a6acc5aa5b054c32bdccd17064c2cbd07c81b3a49449589a4552888f1961",
                "sha256:0d61ae7a505105a16220a4282dbd552bef76968203e5e4f5edfdbb03d3159e3a",
                "sha256:0db1acd8dbbf120095ce4ab118585219066ea2860332df2385a435c585036cae",
                "sha256:0ebc82847938e417092fd463e593da39a280fd12585b998e435a2a45bb7a33f7",
                "sha256:26e299caa9bfc2e532e16de38de2af48cde48258922cda5efc0dd447d42692fc",
                "sha256:26ebe3ac1e0d18d58e11dbf7cdd0459adcefd5c025ede99be7fceae47bd1bfc6",
                "sha256:32f4340c8d6a34e7fa1f9447919ebd4b6256afef0965868d51ea3cdf0694a8f7",
                "sha256:3697cae44a92c2264cf307d4cdd9ea436faa75a009d35a4097362a6bbf221a1b",
                "sha256:40235c3704ac7f29b24a7a785f856e1c45a567c8cd4b57a025f516733e358972",
                "sha256:42f8def3e44d880774f644b53b4701a46889a9506e3fdc191c314c9e2e9b2a38",
                "sha256:50ddff58727cc4f90ade4c818884c4f0fbeeb1f78f764ab2b2bc89cf1f4db126",
                "sha256:50f413177206373b3568dff28c091b2d8c9145e5e54b0a524d3823293d7a29b8",
                "sha256:535f1e5b336f7a0573da59bd9352e9cc6a93185bf4b1d96fb3379e07b4fc619a",
                "sha256:5a885675252e041e19cb92ff76419251fdd1ab4c2ca9766cb3ecfa6ae07884d2",
                "sha256:5f863b12d27867b733d380a9878fc8c3ad11d3aea8a3650c33e7a8c2a888e1eb",
                "sha256:6182898d7031d083017f9be47c6d57f9c2155d9f4391b77ed6c020cab8e5a471",
                "sha256:68088596e237dcda862c1760d1feb2236a8cc36804507a9fcfaa3ed21442ff64",
                "sha256:6bccfff9910fbe3dae6a17ec080c48fca0bfe939b18e4b2622122109d4d2570d",
                "sha256:6e8c30186eaa4f982b9b56cad30b173b71aac9d6a393d97cbcbc4ca805e87943",
                "sha256:74961587e9c1682d3e04fe29e02b67ec9c88cb0c3406ad94cc617d04c6fa6db2",
                "sha256:78f8da27231b20d589319f743bd65011862691c102922be85c9f27e40656a0f7",
                "sha256:8ec19982b7a40fb526b8ffd6edfff2c5c10556a54416d554c4bc83b1e4140a4c",
                "sha256:944dfdfae0cb4e4274a23e5070be913f7ff8f05666d8d143f2356cf873f9a77a",
                "sha256:99322e08e53580867c9909637747343354b7028a8208dc5df3d09233c8f52c30",
                "sha256:a6e27ff0f92c719de004b806d84f471fff0157679e57517092b8f89345eb3a79",
                "sha256:ab70a29914fc202f7c8f6353bb0622b91f878e2892e57a4c7293b341d5a85133",
                "sha256:adca402a97b8388c378d92c55b2bf4e8402baa5dfa059a85870a41e2f142a0d0",
                "sha256:b55dde52028f3c426197b9a928618fbb2b548172eb45824ddb19cdcdf8e493f9",
                "sha256:bac42d0131740b6f1d2b6a15f770c1fef0db97d05aba8564f3c75bb59a9c91c7",
                "sha256:bc9e2e6933ecec17a7d351116f555caee84b798076a4c5276ab1e8654c83bd90",
                "sha256:bff484c162bd77877bc9ae6333b0a684493037ce3c5d8b664e8339becf9ad139",
                "sha256:c53653a12f6ce67b12e7806c190cce1db09c75de31212a5a9adbdbd7a2aba116",
                "sha256:c7b2643b063f33e5e0d539cf2811793a7df9da525e63483f70c9262a343bd59d",
                "sha256:c9723a5e2743ded9bc6106cb04f86244dd779ad847d8ac189cfe808ab16946c1",
                "sha256:cf272e6302c62a42ed0125efcc1d891dd909bcfb3c6aa075d89de209b2b8e930",
                "sha256:d0abc1526d32ebe2f2b6fefcf82b9ee8661da3f45ecac087beee6aeaa21b39ec",
                "sha256:d9a0252da73d8b69de60811252cbfde215d76ee6eea935a519e223353352026c",
                "sha256:dd98d659365fb9271d9f9ba21160670ddfecb93deaec8a5350519a0ab3604654",
                "sha256:e7c8cffd9e45248569fa576d19b043951a3edc67cbee3dca2a6b77e6998cb1ec",
                "sha256:fa68b25c987b73fb1c83ece34e52856c2c6da3031384f72638696c56fa8baca9",
                "sha256:fae1e251d9f9362ebc4adbbb252d0f4a023f66f180390624826fcb1812b808e9",
                "sha256:ff0ae4b1dc70c3362b04f4127e228b17e84946de611f85b32f565b990762deaf",
                "sha256:fffe509f556861c7343c6cba57ed05fe7bcf4b48a934a5b946ccb45428cf8883"
            ],
            "markers": "python_version >= '3.1'",
            "version": "==4.2.0"
        }
    }
}
